
Microsoft Visual Studio Solution File, Format Version 12.00
# Visual Studio Version 16
VisualStudioVersion = 16.0.34407.143
MinimumVisualStudioVersion = 10.0.40219.1
Project("{FAE04EC0-301F-11D3-BF4B-00C04F79EFBC}") = "Project 2", "Project 2\Project 2.csproj", "{8DD8CD5B-CE54-45D2-830B-343EBA14E6B4}"
EndProject
Global
	GlobalSection(SolutionConfigurationPlatforms) = preSolution
		Debug|Any CPU = Debug|Any CPU
		Release|Any CPU = Release|Any CPU
	EndGlobalSection
	GlobalSection(ProjectConfigurationPlatforms) = postSolution
		{8DD8CD5B-CE54-45D2-830B-343EBA14E6B4}.Debug|Any CPU.ActiveCfg = Debug|Any CPU
		{8DD8CD5B-CE54-45D2-830B-343EBA14E6B4}.Debug|Any CPU.Build.0 = Debug|Any CPU
		{8DD8CD5B-CE54-45D2-830B-343EBA14E6B4}.Release|Any CPU.ActiveCfg = Release|Any CPU
		{8DD8CD5B-CE54-45D2-830B-343EBA14E6B4}.Release|Any CPU.Build.0 = Release|Any CPU
	EndGlobalSection
	GlobalSection(SolutionProperties) = preSolution
		HideSolutionNode = FALSE
	EndGlobalSection
	GlobalSection(ExtensibilityGlobals) = postSolution
		SolutionGuid = {098BACB8-A0CC-45A3-9853-E5E5AACD8C8F}
	EndGlobalSection
EndGlobal
